
Microsoft Visual Studio Solution File, Format Version 12.00
# Visual Studio Version 16
VisualStudioVersion = 16.0.31005.135
MinimumVisualStudioVersion = 10.0.40219.1
Project("{8BC9CEB8-8B4A-11D0-8D11-00A0C91BC942}") = "BallanceMMOClient", "BallanceMMOClient\BallanceMMOClient.vcxproj", "{ABF465C7-B7DF-4C01-8313-DD63C8481691}"
EndProject
Global
	GlobalSection(SolutionConfigurationPlatforms) = preSolution
		Debug|x64 = Debug|x64
		Debug|x86 = Debug|x86
		Release|x64 = Release|x64
		Release|x86 = Release|x86
	EndGlobalSection
	GlobalSection(ProjectConfigurationPlatforms) = postSolution
		{ABF465C7-B7DF-4C01-8313-DD63C8481691}.Debug|x64.ActiveCfg = Debug|x64
		{ABF465C7-B7DF-4C01-8313-DD63C8481691}.Debug|x64.Build.0 = Debug|x64
		{ABF465C7-B7DF-4C01-8313-DD63C8481691}.Debug|x86.ActiveCfg = Debug|Win32
		{ABF465C7-B7DF-4C01-8313-DD63C8481691}.Debug|x86.Build.0 = Debug|Win32
		{ABF465C7-B7DF-4C01-8313-DD63C8481691}.Release|x64.ActiveCfg = Release|x64
		{ABF465C7-B7DF-4C01-8313-DD63C8481691}.Release|x64.Build.0 = Release|x64
		{ABF465C7-B7DF-4C01-8313-DD63C8481691}.Release|x86.ActiveCfg = Release|Win32
		{ABF465C7-B7DF-4C01-8313-DD63C8481691}.Release|x86.Build.0 = Release|Win32
	EndGlobalSection
	GlobalSection(SolutionProperties) = preSolution
		HideSolutionNode = FALSE
	EndGlobalSection
	GlobalSection(ExtensibilityGlobals) = postSolution
		SolutionGuid = {C7A7B2AE-7D6C-4226-A134-EBDC22E66041}
	EndGlobalSection
EndGlobal
